[[package]]
name = "cachetools"
version = "5.2.0"
description = "Extensible memoizing collections and decorators"
category = "main"
optional = false
python-versions = "~=3.7"

[[package]]
name = "certifi"
version = "2022.6.15"
description = "Python package for providing Mozilla's CA Bundle."
category = "main"
optional = false
python-versions = ">=3.6"

[[package]]
name = "charset-normalizer"
version = "2.1.0"
description = "The Real First Universal Charset Detector. Open, modern and actively maintained alternative to Chardet."
category = "main"
optional = false
python-versions = ">=3.6.0"

[package.extras]
unicode_backport = ["unicodedata2"]

[[package]]
name = "google-api-core"
version = "2.8.2"
description = "Google API client core library"
category = "main"
optional = false
python-versions = ">=3.6"

[package.dependencies]
google-auth = ">=1.25.0,<3.0dev"
googleapis-common-protos = ">=1.56.2,<2.0dev"
grpcio = {version = ">=1.33.2,<2.0dev", optional = true, markers = "extra == \"grpc\""}
grpcio-status = {version = ">=1.33.2,<2.0dev", optional = true, markers = "extra == \"grpc\""}
protobuf = ">=3.15.0,<5.0.0dev"
requests = ">=2.18.0,<3.0.0dev"

[package.extras]
grpc = ["grpcio (>=1.33.2,<2.0dev)", "grpcio-status (>=1.33.2,<2.0dev)"]

[[package]]
name = "google-auth"
version = "2.9.1"
description = "Google Authentication Library"
category = "main"
optional = false
python-versions = ">=2.7,!=3.0.*,!=3.1.*,!=3.2.*,!=3.3.*,!=3.4.*,!=3.5.*"

[package.dependencies]
cachetools = ">=2.0.0,<6.0"
pyasn1-modules = ">=0.2.1"
rsa = {version = ">=3.1.4,<5", markers = "python_version >= \"3.6\""}
six = ">=1.9.0"

[package.extras]
aiohttp = ["requests (>=2.20.0,<3.0.0dev)", "aiohttp (>=3.6.2,<4.0.0dev)"]
enterprise_cert = ["cryptography (==36.0.2)", "pyopenssl (==22.0.0)"]
pyopenssl = ["pyopenssl (>=20.0.0)"]
reauth = ["pyu2f (>=0.1.5)"]

[[package]]
name = "google-cloud-aiplatform"
version = "1.16.0"
description = "Vertex AI API client library"
category = "main"
optional = false
python-versions = ">=3.7"

[package.dependencies]
google-api-core = {version = ">=1.32.0,<2.0.0 || >=2.8.0,<3.0.0dev", extras = ["grpc"]}
google-cloud-bigquery = ">=1.15.0,<3.0.0dev"
google-cloud-resource-manager = ">=1.3.3,<3.0.0dev"
google-cloud-storage = ">=1.32.0,<3.0.0dev"
packaging = ">=14.3,<22.0.0dev"
proto-plus = ">=1.15.0,<2.0.0dev"
protobuf = ">=3.19.0,<4.0.0dev"

[package.extras]
cloud_profiler = ["tensorboard-plugin-profile (>=2.4.0,<3.0.0dev)", "werkzeug (>=2.0.0,<2.1.0dev)", "tensorflow (>=2.4.0,<3.0.0dev)"]
datasets = ["pyarrow (>=3.0.0,<8.0dev)"]
full = ["lit-nlp (>=0.4.0)", "pyarrow (>=3.0.0,<8.0dev)", "google-cloud-bigquery-storage", "docker (>=5.0.3)", "uvicorn (>=0.16.0)", "tensorflow (>=2.3.0,<3.0.0dev)", "urllib3 (>=1.21.1,<1.27)", "fastapi (>=0.71.0,<0.76.0)", "pyyaml (>=5.3,<6)", "explainable-ai-sdk (>=1.0.0)", "starlette (>=0.17.1)", "pyarrow (>=6.0.1)", "pandas (>=1.0.0)"]
lit = ["tensorflow (>=2.3.0,<3.0.0dev)", "pandas (>=1.0.0)", "lit-nlp (>=0.4.0)", "explainable-ai-sdk (>=1.0.0)"]
metadata = ["pandas (>=1.0.0)"]
pipelines = ["pyyaml (>=5.3,<6)"]
prediction = ["docker (>=5.0.3)", "fastapi (>=0.71.0,<0.76.0)", "starlette (>=0.17.1)", "uvicorn (>=0.16.0)"]
private_endpoints = ["urllib3 (>=1.21.1,<1.27)"]
tensorboard = ["tensorflow (>=2.3.0,<3.0.0dev)"]
testing = ["lit-nlp (>=0.4.0)", "pyarrow (>=3.0.0,<8.0dev)", "google-cloud-bigquery-storage", "docker (>=5.0.3)", "uvicorn (>=0.16.0)", "tensorflow (>=2.3.0,<3.0.0dev)", "urllib3 (>=1.21.1,<1.27)", "fastapi (>=0.71.0,<0.76.0)", "pyyaml (>=5.3,<6)", "explainable-ai-sdk (>=1.0.0)", "starlette (>=0.17.1)", "pyarrow (>=6.0.1)", "pandas (>=1.0.0)", "tensorboard-plugin-profile (>=2.4.0,<3.0.0dev)", "werkzeug (>=2.0.0,<2.1.0dev)", "tensorflow (>=2.4.0,<3.0.0dev)", "grpcio-testing", "pytest-asyncio", "pytest-xdist", "ipython", "kfp"]
xai = ["tensorflow (>=2.3.0,<3.0.0dev)"]

[[package]]
name = "google-cloud-bigquery"
version = "1.28.2"
description = "Google BigQuery API client library"
category = "main"
optional = false
python-versions = ">=2.7,!=3.0.*,!=3.1.*,!=3.2.*,!=3.3.*"

[package.dependencies]
google-api-core = ">=1.31.5,<2.0.0 || >2.3.0,<3.0.0dev"
google-cloud-core = ">=1.4.1,<3.0dev"
google-resumable-media = ">=0.6.0,<2.0dev"
protobuf = "<4.0.0dev"
six = ">=1.13.0,<2.0.0dev"

[package.extras]
all = ["google-cloud-bigquery-storage (>=1.0.0,<2.0.0dev)", "grpcio (>=1.32.0,<2.0dev)", "pyarrow (>=1.0.0,<2.0dev)", "pandas (>=0.23.0)", "tqdm (>=4.7.4,<5.0.0dev)", "opentelemetry-api (==0.9b0)", "opentelemetry-sdk (==0.9b0)", "opentelemetry-instrumentation (==0.9b0)", "pyarrow (>=0.16.0,<0.17.0dev)", "pyarrow (>=1.0.0,<2.0de)"]
bqstorage = ["google-cloud-bigquery-storage (>=1.0.0,<2.0.0dev)", "grpcio (>=1.32.0,<2.0dev)", "pyarrow (>=1.0.0,<2.0dev)"]
fastparquet = ["fastparquet", "python-snappy", "llvmlite (<=0.31.0)", "llvmlite (<=0.34.0)"]
opentelemetry = ["opentelemetry-api (==0.9b0)", "opentelemetry-sdk (==0.9b0)", "opentelemetry-instrumentation (==0.9b0)"]
pandas = ["pandas (>=0.23.0)"]
pyarrow = ["pyarrow (>=0.16.0,<0.17.0dev)", "pyarrow (>=1.0.0,<2.0de)"]
tqdm = ["tqdm (>=4.7.4,<5.0.0dev)"]

[[package]]
name = "google-cloud-core"
version = "2.3.2"
description = "Google Cloud API client core library"
category = "main"
optional = false
python-versions = ">=3.7"

[package.dependencies]
google-api-core = ">=1.31.6,<2.0.0 || >2.3.0,<3.0.0dev"
google-auth = ">=1.25.0,<3.0dev"

[package.extras]
grpc = ["grpcio (>=1.38.0,<2.0dev)"]

[[package]]
name = "google-cloud-resource-manager"
version = "1.6.0"
description = "Google Cloud Resource Manager API client library"
category = "main"
optional = false
python-versions = ">=3.7"

[package.dependencies]
google-api-core = {version = ">=1.32.0,<2.0.0 || >=2.8.0,<3.0.0dev", extras = ["grpc"]}
grpc-google-iam-v1 = ">=0.12.4,<1.0.0dev"
proto-plus = ">=1.15.0,<2.0.0dev"
protobuf = ">=3.19.0,<4.0.0dev"

[[package]]
name = "google-cloud-storage"
version = "2.1.0"
description = "Google Cloud Storage API client library"
category = "main"
optional = false
python-versions = ">=3.7"

[package.dependencies]
google-api-core = ">=1.29.0,<3.0dev"
google-auth = ">=1.25.0,<3.0dev"
google-cloud-core = ">=1.6.0,<3.0dev"
google-resumable-media = ">=1.3.0"
protobuf = "*"
requests = ">=2.18.0,<3.0.0dev"

[[package]]
name = "google-crc32c"
version = "1.3.0"
description = "A python wrapper of the C library 'Google CRC32C'"
category = "main"
optional = false
python-versions = ">=3.6"

[package.extras]
testing = ["pytest"]

[[package]]
name = "google-resumable-media"
version = "1.3.3"
description = "Utilities for Google Media Downloads and Resumable Uploads"
category = "main"
optional = false
python-versions = ">=2.7,!=3.0.*,!=3.1.*,!=3.2.*,!=3.3.*,!=3.4.*,!=3.5.*"

[package.dependencies]
google-crc32c = {version = ">=1.0,<2.0dev", markers = "python_version >= \"3.5\""}
six = ">=1.4.0"

[package.extras]
aiohttp = ["aiohttp (>=3.6.2,<4.0.0dev)"]
requests = ["requests (>=2.18.0,<3.0.0dev)"]

[[package]]
name = "googleapis-common-protos"
version = "1.56.4"
description = "Common protobufs used in Google APIs"
category = "main"
optional = false
python-versions = ">=3.7"

[package.dependencies]
grpcio = {version = ">=1.0.0,<2.0.0dev", optional = true, markers = "extra == \"grpc\""}
protobuf = ">=3.15.0,<5.0.0dev"

[package.extras]
grpc = ["grpcio (>=1.0.0,<2.0.0dev)"]

[[package]]
name = "grpc-google-iam-v1"
version = "0.12.4"
description = "IAM API client library"
category = "main"
optional = false
python-versions = ">=3.6"

[package.dependencies]
googleapis-common-protos = {version = ">=1.56.0,<2.0.0dev", extras = ["grpc"]}
grpcio = ">=1.0.0,<2.0.0dev"

[[package]]
name = "grpcio"
version = "1.48.0"
description = "HTTP/2-based RPC framework"
category = "main"
optional = false
python-versions = ">=3.6"

[package.dependencies]
six = ">=1.5.2"

[package.extras]
protobuf = ["grpcio-tools (>=1.48.0)"]

[[package]]
name = "grpcio-status"
version = "1.48.0"
description = "Status proto mapping for gRPC"
category = "main"
optional = false
python-versions = ">=3.6"

[package.dependencies]
googleapis-common-protos = ">=1.5.5"
grpcio = ">=1.48.0"
protobuf = ">=3.12.0"

[[package]]
name = "idna"
version = "3.3"
description = "Internationalized Domain Names in Applications (IDNA)"
category = "main"
optional = false
python-versions = ">=3.5"

[[package]]
name = "packaging"
version = "21.3"
description = "Core utilities for Python packages"
category = "main"
optional = false
python-versions = ">=3.6"

[package.dependencies]
pyparsing = ">=2.0.2,<3.0.5 || >3.0.5"

[[package]]
name = "proto-plus"
version = "1.20.6"
description = "Beautiful, Pythonic protocol buffers."
category = "main"
optional = false
python-versions = ">=3.6"

[package.dependencies]
protobuf = ">=3.19.0,<5.0.0dev"

[package.extras]
testing = ["google-api-core[grpc] (>=1.31.5)"]

[[package]]
name = "protobuf"
version = "3.20.1"
description = "Protocol Buffers"
category = "main"
optional = false
python-versions = ">=3.7"

[[package]]
name = "pyasn1"
version = "0.4.8"
description = "ASN.1 types and codecs"
category = "main"
optional = false
python-versions = "*"

[[package]]
name = "pyasn1-modules"
version = "0.2.8"
description = "A collection of ASN.1-based protocols modules."
category = "main"
optional = false
python-versions = "*"

[package.dependencies]
pyasn1 = ">=0.4.6,<0.5.0"

[[package]]
name = "pyparsing"
version = "3.0.9"
description = "pyparsing module - Classes and methods to define and execute parsing grammars"
category = "main"
optional = false
python-versions = ">=3.6.8"

[package.extras]
diagrams = ["railroad-diagrams", "jinja2"]

[[package]]
name = "pytz"
version = "2022.1"
description = "World timezone definitions, modern and historical"
category = "main"
optional = false
python-versions = "*"

[[package]]
name = "pyyaml"
version = "6.0"
description = "YAML parser and emitter for Python"
category = "main"
optional = false
python-versions = ">=3.6"

[[package]]
name = "requests"
version = "2.28.1"
description = "Python HTTP for Humans."
category = "main"
optional = false
python-versions = ">=3.7, <4"

[package.dependencies]
certifi = ">=2017.4.17"
charset-normalizer = ">=2,<3"
idna = ">=2.5,<4"
urllib3 = ">=1.21.1,<1.27"

[package.extras]
socks = ["PySocks (>=1.5.6,!=1.5.7)"]
use_chardet_on_py3 = ["chardet (>=3.0.2,<6)"]

[[package]]
name = "rsa"
version = "4.9"
description = "Pure-Python RSA implementation"
category = "main"
optional = false
python-versions = ">=3.6,<4"

[package.dependencies]
pyasn1 = ">=0.1.3"

[[package]]
name = "six"
version = "1.16.0"
description = "Python 2 and 3 compatibility utilities"
category = "main"
optional = false
python-versions = ">=2.7, !=3.0.*, !=3.1.*, !=3.2.*"

[[package]]
name = "urllib3"
version = "1.26.11"
description = "HTTP library with thread-safe connection pooling, file post, and more."
category = "main"
optional = false
python-versions = ">=2.7, !=3.0.*, !=3.1.*, !=3.2.*, !=3.3.*, !=3.4.*, !=3.5.*, <4"

[package.extras]
brotli = ["brotlicffi (>=0.8.0)", "brotli (>=1.0.9)", "brotlipy (>=0.6.0)"]
secure = ["pyOpenSSL (>=0.14)", "cryptography (>=1.3.4)", "idna (>=2.0.0)", "certifi", "ipaddress"]
socks = ["PySocks (>=1.5.6,!=1.5.7,<2.0)"]

[metadata]
lock-version = "1.1"
python-versions = "^3.10"
content-hash = "2d5ad8dd76cfb90e86f84976e8ff6dbfad68c4a250134d30bb0c05bb58cf873e"

[metadata.files]
cachetools = []
certifi = []
charset-normalizer = []
google-api-core = []
google-auth = []
google-cloud-aiplatform = []
google-cloud-bigquery = []
google-cloud-core = []
google-cloud-resource-manager = []
google-cloud-storage = []
google-crc32c = []
google-resumable-media = []
googleapis-common-protos = []
grpc-google-iam-v1 = []
grpcio = []
grpcio-status = []
idna = [
    {file = "idna-3.3-py3-none-any.whl", hash = "sha256:84d9dd047ffa80596e0f246e2eab0b391788b0503584e8945f2368256d2735ff"},
    {file = "idna-3.3.tar.gz", hash = "sha256:9d643ff0a55b762d5cdb124b8eaa99c66322e2157b69160bc32796e824360e6d"},
]
packaging = [
    {file = "packaging-21.3-py3-none-any.whl", hash = "sha256:ef103e05f519cdc783ae24ea4e2e0f508a9c99b2d4969652eed6a2e1ea5bd522"},
    {file = "packaging-21.3.tar.gz", hash = "sha256:dd47c42927d89ab911e606518907cc2d3a1f38bbd026385970643f9c5b8ecfeb"},
]
proto-plus = []
protobuf = []
pyasn1 = []
pyasn1-modules = []
pyparsing = []
pytz = []
pyyaml = []
requests = []
rsa = []
six = [
    {file = "six-1.16.0-py2.py3-none-any.whl", hash = "sha256:8abb2f1d86890a2dfb989f9a77cfcfd3e47c2a354b01111771326f8aa26e0254"},
    {file = "six-1.16.0.tar.gz", hash = "sha256:1e61c37477a1626458e36f7b1d82aa5c9b094fa4802892072e49de9c60c4c926"},
]
urllib3 = []
